
Microsoft Visual Studio Solution File, Format Version 12.00
# Visual Studio 15
VisualStudioVersion = 15.0.28307.779
MinimumVisualStudioVersion = 10.0.40219.1
Project("{FAE04EC0-301F-11D3-BF4B-00C04F79EFBC}") = "AdventOfCode2019", "AdventOfCode2019\AdventOfCode2019.csproj", "{ECFC2D90-2EA5-452C-8E3B-165AF58A8C16}"
EndProject
Global
	GlobalSection(SolutionConfigurationPlatforms) = preSolution
		Debug|Any CPU = Debug|Any CPU
		Release|Any CPU = Release|Any CPU
	EndGlobalSection
	GlobalSection(ProjectConfigurationPlatforms) = postSolution
		{ECFC2D90-2EA5-452C-8E3B-165AF58A8C16}.Debug|Any CPU.ActiveCfg = Debug|Any CPU
		{ECFC2D90-2EA5-452C-8E3B-165AF58A8C16}.Debug|Any CPU.Build.0 = Debug|Any CPU
		{ECFC2D90-2EA5-452C-8E3B-165AF58A8C16}.Release|Any CPU.ActiveCfg = Release|Any CPU
		{ECFC2D90-2EA5-452C-8E3B-165AF58A8C16}.Release|Any CPU.Build.0 = Release|Any CPU
	EndGlobalSection
	GlobalSection(SolutionProperties) = preSolution
		HideSolutionNode = FALSE
	EndGlobalSection
	GlobalSection(ExtensibilityGlobals) = postSolution
		SolutionGuid = {EDFECA1D-3FF1-4F4D-8ED0-7C681177303B}
	EndGlobalSection
EndGlobal
